
Microsoft Visual Studio Solution File, Format Version 12.00
# Visual Studio Version 16
VisualStudioVersion = 16.0.31105.61
MinimumVisualStudioVersion = 10.0.40219.1
Project("{FAE04EC0-301F-11D3-BF4B-00C04F79EFBC}") = "Lab5.2", "Lab5.2\Lab5.2.csproj", "{CE0F5260-6CAD-4DA8-BA0F-E9AAF2A0D889}"
EndProject
Global
	GlobalSection(SolutionConfigurationPlatforms) = preSolution
		Debug|Any CPU = Debug|Any CPU
		Release|Any CPU = Release|Any CPU
	EndGlobalSection
	GlobalSection(ProjectConfigurationPlatforms) = postSolution
		{CE0F5260-6CAD-4DA8-BA0F-E9AAF2A0D889}.Debug|Any CPU.ActiveCfg = Debug|Any CPU
		{CE0F5260-6CAD-4DA8-BA0F-E9AAF2A0D889}.Debug|Any CPU.Build.0 = Debug|Any CPU
		{CE0F5260-6CAD-4DA8-BA0F-E9AAF2A0D889}.Release|Any CPU.ActiveCfg = Release|Any CPU
		{CE0F5260-6CAD-4DA8-BA0F-E9AAF2A0D889}.Release|Any CPU.Build.0 = Release|Any CPU
	EndGlobalSection
	GlobalSection(SolutionProperties) = preSolution
		HideSolutionNode = FALSE
	EndGlobalSection
	GlobalSection(ExtensibilityGlobals) = postSolution
		SolutionGuid = {83AAFF61-56CF-4233-BF09-0EE43F404056}
	EndGlobalSection
EndGlobal
